
Microsoft Visual Studio Solution File, Format Version 12.00
# Visual Studio Version 17
VisualStudioVersion = 17.4.33205.214
MinimumVisualStudioVersion = 10.0.40219.1
Project("{9A19103F-16F7-4668-BE54-9A1E7A4F7556}") = "SupplyStacks", "SupplyStacks\SupplyStacks.csproj", "{12713320-2619-466C-B0FA-297FA1C1CD65}"
EndProject
Project("{9A19103F-16F7-4668-BE54-9A1E7A4F7556}") = "SupplyStacksTests", "SupplyStacksTests\SupplyStacksTests.csproj", "{3367FB9F-93B8-46D4-9BC2-C412FA6D4D65}"
EndProject
Project("{9A19103F-16F7-4668-BE54-9A1E7A4F7556}") = "AOCSharedMethods", "..\AOCSharedMethods\AOCSharedMethods.csproj", "{91D62BAD-858F-4619-9AED-7FF19AA794E9}"
EndProject
Global
	GlobalSection(SolutionConfigurationPlatforms) = preSolution
		Debug|Any CPU = Debug|Any CPU
		Release|Any CPU = Release|Any CPU
	EndGlobalSection
	GlobalSection(ProjectConfigurationPlatforms) = postSolution
		{12713320-2619-466C-B0FA-297FA1C1CD65}.Debug|Any CPU.ActiveCfg = Debug|Any CPU
		{12713320-2619-466C-B0FA-297FA1C1CD65}.Debug|Any CPU.Build.0 = Debug|Any CPU
		{12713320-2619-466C-B0FA-297FA1C1CD65}.Release|Any CPU.ActiveCfg = Release|Any CPU
		{12713320-2619-466C-B0FA-297FA1C1CD65}.Release|Any CPU.Build.0 = Release|Any CPU
		{3367FB9F-93B8-46D4-9BC2-C412FA6D4D65}.Debug|Any CPU.ActiveCfg = Debug|Any CPU
		{3367FB9F-93B8-46D4-9BC2-C412FA6D4D65}.Debug|Any CPU.Build.0 = Debug|Any CPU
		{3367FB9F-93B8-46D4-9BC2-C412FA6D4D65}.Release|Any CPU.ActiveCfg = Release|Any CPU
		{3367FB9F-93B8-46D4-9BC2-C412FA6D4D65}.Release|Any CPU.Build.0 = Release|Any CPU
		{91D62BAD-858F-4619-9AED-7FF19AA794E9}.Debug|Any CPU.ActiveCfg = Debug|Any CPU
		{91D62BAD-858F-4619-9AED-7FF19AA794E9}.Debug|Any CPU.Build.0 = Debug|Any CPU
		{91D62BAD-858F-4619-9AED-7FF19AA794E9}.Release|Any CPU.ActiveCfg = Release|Any CPU
		{91D62BAD-858F-4619-9AED-7FF19AA794E9}.Release|Any CPU.Build.0 = Release|Any CPU
	EndGlobalSection
	GlobalSection(SolutionProperties) = preSolution
		HideSolutionNode = FALSE
	EndGlobalSection
	GlobalSection(ExtensibilityGlobals) = postSolution
		SolutionGuid = {E0CE325D-50DD-4E5B-91FE-094C260895A8}
	EndGlobalSection
EndGlobal
