
Microsoft Visual Studio Solution File, Format Version 12.00
# Visual Studio Version 17
VisualStudioVersion = 17.4.33205.214
MinimumVisualStudioVersion = 10.0.40219.1
Project("{9A19103F-16F7-4668-BE54-9A1E7A4F7556}") = "RopeBridge", "RopeBridge\RopeBridge.csproj", "{361E5E46-1268-4845-AC7B-7FC3290D8F3F}"
EndProject
Project("{9A19103F-16F7-4668-BE54-9A1E7A4F7556}") = "RopeBridgeTests", "RopeBridgeTests\RopeBridgeTests.csproj", "{D35886F9-2A35-45B6-9329-1CE4D71D6014}"
EndProject
Project("{9A19103F-16F7-4668-BE54-9A1E7A4F7556}") = "AOCSharedMethods", "..\AOCSharedMethods\AOCSharedMethods.csproj", "{44632F29-D2E5-43C4-8F5C-3EAA09231F22}"
EndProject
Global
	GlobalSection(SolutionConfigurationPlatforms) = preSolution
		Debug|Any CPU = Debug|Any CPU
		Release|Any CPU = Release|Any CPU
	EndGlobalSection
	GlobalSection(ProjectConfigurationPlatforms) = postSolution
		{361E5E46-1268-4845-AC7B-7FC3290D8F3F}.Debug|Any CPU.ActiveCfg = Debug|Any CPU
		{361E5E46-1268-4845-AC7B-7FC3290D8F3F}.Debug|Any CPU.Build.0 = Debug|Any CPU
		{361E5E46-1268-4845-AC7B-7FC3290D8F3F}.Release|Any CPU.ActiveCfg = Release|Any CPU
		{361E5E46-1268-4845-AC7B-7FC3290D8F3F}.Release|Any CPU.Build.0 = Release|Any CPU
		{D35886F9-2A35-45B6-9329-1CE4D71D6014}.Debug|Any CPU.ActiveCfg = Debug|Any CPU
		{D35886F9-2A35-45B6-9329-1CE4D71D6014}.Debug|Any CPU.Build.0 = Debug|Any CPU
		{D35886F9-2A35-45B6-9329-1CE4D71D6014}.Release|Any CPU.ActiveCfg = Release|Any CPU
		{D35886F9-2A35-45B6-9329-1CE4D71D6014}.Release|Any CPU.Build.0 = Release|Any CPU
		{44632F29-D2E5-43C4-8F5C-3EAA09231F22}.Debug|Any CPU.ActiveCfg = Debug|Any CPU
		{44632F29-D2E5-43C4-8F5C-3EAA09231F22}.Debug|Any CPU.Build.0 = Debug|Any CPU
		{44632F29-D2E5-43C4-8F5C-3EAA09231F22}.Release|Any CPU.ActiveCfg = Release|Any CPU
		{44632F29-D2E5-43C4-8F5C-3EAA09231F22}.Release|Any CPU.Build.0 = Release|Any CPU
	EndGlobalSection
	GlobalSection(SolutionProperties) = preSolution
		HideSolutionNode = FALSE
	EndGlobalSection
	GlobalSection(ExtensibilityGlobals) = postSolution
		SolutionGuid = {99E5CA65-3390-4B0D-A26E-DA929CCD39EB}
	EndGlobalSection
EndGlobal
