
Microsoft Visual Studio Solution File, Format Version 12.00
# Visual Studio Version 17
VisualStudioVersion = 17.4.33213.308
MinimumVisualStudioVersion = 10.0.40219.1
Project("{FAE04EC0-301F-11D3-BF4B-00C04F79EFBC}") = "HillClimbingAlgorithm", "HillClimbingAlgorithm\HillClimbingAlgorithm.csproj", "{DDDA0669-BB2F-47AE-89BE-C2D52C529AD7}"
EndProject
Project("{FAE04EC0-301F-11D3-BF4B-00C04F79EFBC}") = "HillClimbingAlgorithmTests", "HillClimbingAlgorithmTests\HillClimbingAlgorithmTests.csproj", "{BD955658-69CD-4073-BCFF-0D65C812082D}"
EndProject
Global
	GlobalSection(SolutionConfigurationPlatforms) = preSolution
		Debug|Any CPU = Debug|Any CPU
		Release|Any CPU = Release|Any CPU
	EndGlobalSection
	GlobalSection(ProjectConfigurationPlatforms) = postSolution
		{DDDA0669-BB2F-47AE-89BE-C2D52C529AD7}.Debug|Any CPU.ActiveCfg = Debug|Any CPU
		{DDDA0669-BB2F-47AE-89BE-C2D52C529AD7}.Debug|Any CPU.Build.0 = Debug|Any CPU
		{DDDA0669-BB2F-47AE-89BE-C2D52C529AD7}.Release|Any CPU.ActiveCfg = Release|Any CPU
		{DDDA0669-BB2F-47AE-89BE-C2D52C529AD7}.Release|Any CPU.Build.0 = Release|Any CPU
		{BD955658-69CD-4073-BCFF-0D65C812082D}.Debug|Any CPU.ActiveCfg = Debug|Any CPU
		{BD955658-69CD-4073-BCFF-0D65C812082D}.Debug|Any CPU.Build.0 = Debug|Any CPU
		{BD955658-69CD-4073-BCFF-0D65C812082D}.Release|Any CPU.ActiveCfg = Release|Any CPU
		{BD955658-69CD-4073-BCFF-0D65C812082D}.Release|Any CPU.Build.0 = Release|Any CPU
	EndGlobalSection
	GlobalSection(SolutionProperties) = preSolution
		HideSolutionNode = FALSE
	EndGlobalSection
	GlobalSection(ExtensibilityGlobals) = postSolution
		SolutionGuid = {DFF746AF-F2CA-4CD8-9B0D-D77BFA26C8CA}
	EndGlobalSection
EndGlobal
